// !$*UTF8*$!
{
	archiveVersion = 1;
	classes = {
	};
	objectVersion = 50;
	objects = {

/* Begin PBXBuildFile section */
		23CA3C2021D2321C003742F3 /* AppDelegate.swift in Sources */ = {isa = PBXBuildFile; fileRef = 23CA3C1F21D2321C003742F3 /* AppDelegate.swift */; };
		23CA3C2221D2321C003742F3 /* ViewController.swift in Sources */ = {isa = PBXBuildFile; fileRef = 23CA3C2121D2321C003742F3 /* ViewController.swift */; };
		23CA3C2521D2321C003742F3 /* Main.storyboard in Resources */ = {isa = PBXBuildFile; fileRef = 23CA3C2321D2321C003742F3 /* Main.storyboard */; };
		23CA3C2721D2321D003742F3 /* Assets.xcassets in Resources */ = {isa = PBXBuildFile; fileRef = 23CA3C2621D2321D003742F3 /* Assets.xcassets */; };
		23CA3C2A21D2321D003742F3 /* LaunchScreen.storyboard in Resources */ = {isa = PBXBuildFile; fileRef = 23CA3C2821D2321D003742F3 /* LaunchScreen.storyboard */; };
		23CA3C3521D2321D003742F3 /* AlgoTests.swift in Sources */ = {isa = PBXBuildFile; fileRef = 23CA3C3421D2321D003742F3 /* AlgoTests.swift */; };
		23CA3C4021D2321D003742F3 /* AlgoUITests.swift in Sources */ = {isa = PBXBuildFile; fileRef = 23CA3C3F21D2321D003742F3 /* AlgoUITests.swift */; };
/* End PBXBuildFile section */

/* Begin PBXContainerItemProxy section */
		23CA3C3121D2321D003742F3 /* PBXContainerItemProxy */ = {
			isa = PBXContainerItemProxy;
			containerPortal = 23CA3C1421D2321C003742F3 /* Project object */;
			proxyType = 1;
			remoteGlobalIDString = 23CA3C1B21D2321C003742F3;
			remoteInfo = Algo;
		};
		23CA3C3C21D2321D003742F3 /* PBXContainerItemProxy */ = {
			isa = PBXContainerItemProxy;
			containerPortal = 23CA3C1421D2321C003742F3 /* Project object */;
			proxyType = 1;
			remoteGlobalIDString = 23CA3C1B21D2321C003742F3;
			remoteInfo = Algo;
		};
/* End PBXContainerItemProxy section */

/* Begin PBXFileReference section */
		23CA3C1C21D2321C003742F3 /* Algo.app */ = {isa = PBXFileReference; explicitFileType = wrapper.application; includeInIndex = 0; path = Algo.app; sourceTree = BUILT_PRODUCTS_DIR; };
		23CA3C1F21D2321C003742F3 /* AppDelegate.swift */ = {isa = PBXFileReference; lastKnownFileType = sourcecode.swift; path = AppDelegate.swift; sourceTree = "<group>"; };
		23CA3C2121D2321C003742F3 /* ViewController.swift */ = {isa = PBXFileReference; lastKnownFileType = sourcecode.swift; path = ViewController.swift; sourceTree = "<group>"; };
		23CA3C2421D2321C003742F3 /* Base */ = {isa = PBXFileReference; lastKnownFileType = file.storyboard; name = Base; path = Base.lproj/Main.storyboard; sourceTree = "<group>"; };
		23CA3C2621D2321D003742F3 /* Assets.xcassets */ = {isa = PBXFileReference; lastKnownFileType = folder.assetcatalog; path = Assets.xcassets; sourceTree = "<group>"; };
		23CA3C2921D2321D003742F3 /* Base */ = {isa = PBXFileReference; lastKnownFileType = file.storyboard; name = Base; path = Base.lproj/LaunchScreen.storyboard; sourceTree = "<group>"; };
		23CA3C2B21D2321D003742F3 /* Info.plist */ = {isa = PBXFileReference; lastKnownFileType = text.plist.xml; path = Info.plist; sourceTree = "<group>"; };
		23CA3C3021D2321D003742F3 /* AlgoTests.xctest */ = {isa = PBXFileReference; explicitFileType = wrapper.cfbundle; includeInIndex = 0; path = AlgoTests.xctest; sourceTree = BUILT_PRODUCTS_DIR; };
		23CA3C3421D2321D003742F3 /* AlgoTests.swift */ = {isa = PBXFileReference; lastKnownFileType = sourcecode.swift; path = AlgoTests.swift; sourceTree = "<group>"; };
		23CA3C3621D2321D003742F3 /* Info.plist */ = {isa = PBXFileReference; lastKnownFileType = text.plist.xml; path = Info.plist; sourceTree = "<group>"; };
		23CA3C3B21D2321D003742F3 /* AlgoUITests.xctest */ = {isa = PBXFileReference; explicitFileType = wrapper.cfbundle; includeInIndex = 0; path = AlgoUITests.xctest; sourceTree = BUILT_PRODUCTS_DIR; };
		23CA3C3F21D2321D003742F3 /* AlgoUITests.swift */ = {isa = PBXFileReference; lastKnownFileType = sourcecode.swift; path = AlgoUITests.swift; sourceTree = "<group>"; };
		23CA3C4121D2321D003742F3 /* Info.plist */ = {isa = PBXFileReference; lastKnownFileType = text.plist.xml; path = Info.plist; sourceTree = "<group>"; };
/* End PBXFileReference section */

/* Begin PBXFrameworksBuildPhase section */
		23CA3C1921D2321C003742F3 /* Frameworks */ = {
			isa = PBXFrameworksBuildPhase;
			buildActionMask = 2147483647;
			files = (
			);
			runOnlyForDeploymentPostprocessing = 0;
		};
		23CA3C2D21D2321D003742F3 /* Frameworks */ = {
			isa = PBXFrameworksBuildPhase;
			buildActionMask = 2147483647;
			files = (
			);
			runOnlyForDeploymentPostprocessing = 0;
		};
		23CA3C3821D2321D003742F3 /* Frameworks */ = {
			isa = PBXFrameworksBuildPhase;
			buildActionMask = 2147483647;
			files = (
			);
			runOnlyForDeploymentPostprocessing = 0;
		};
/* End PBXFrameworksBuildPhase section */

/* Begin PBXGroup section */
		23CA3C1321D2321C003742F3 = {
			isa = PBXGroup;
			children = (
				23CA3C1E21D2321C003742F3 /* Algo */,
				23CA3C3321D2321D003742F3 /* AlgoTests */,
				23CA3C3E21D2321D003742F3 /* AlgoUITests */,
				23CA3C1D21D2321C003742F3 /* Products */,
			);
			sourceTree = "<group>";
		};
		23CA3C1D21D2321C003742F3 /* Products */ = {
			isa = PBXGroup;
			children = (
				23CA3C1C21D2321C003742F3 /* Algo.app */,
				23CA3C3021D2321D003742F3 /* AlgoTests.xctest */,
				23CA3C3B21D2321D003742F3 /* AlgoUITests.xctest */,
			);
			name = Products;
			sourceTree = "<group>";
		};
		23CA3C1E21D2321C003742F3 /* Algo */ = {
			isa = PBXGroup;
			children = (
				23CA3C1F21D2321C003742F3 /* AppDelegate.swift */,
				23CA3C2121D2321C003742F3 /* ViewController.swift */,
				23CA3C2321D2321C003742F3 /* Main.storyboard */,
				23CA3C2621D2321D003742F3 /* Assets.xcassets */,
				23CA3C2821D2321D003742F3 /* LaunchScreen.storyboard */,
				23CA3C2B21D2321D003742F3 /* Info.plist */,
			);
			path = Algo;
			sourceTree = "<group>";
		};
		23CA3C3321D2321D003742F3 /* AlgoTests */ = {
			isa = PBXGroup;
			children = (
				23CA3C3421D2321D003742F3 /* AlgoTests.swift */,
				23CA3C3621D2321D003742F3 /* Info.plist */,
			);
			path = AlgoTests;
			sourceTree = "<group>";
		};
		23CA3C3E21D2321D003742F3 /* AlgoUITests */ = {
			isa = PBXGroup;
			children = (
				23CA3C3F21D2321D003742F3 /* AlgoUITests.swift */,
				23CA3C4121D2321D003742F3 /* Info.plist */,
			);
			path = AlgoUITests;
			sourceTree = "<group>";
		};
/* End PBXGroup section */

/* Begin PBXNativeTarget section */
		23CA3C1B21D2321C003742F3 /* Algo */ = {
			isa = PBXNativeTarget;
			buildConfigurationList = 23CA3C4421D2321D003742F3 /* Build configuration list for PBXNativeTarget "Algo" */;
			buildPhases = (
				23CA3C1821D2321C003742F3 /* Sources */,
				23CA3C1921D2321C003742F3 /* Frameworks */,
				23CA3C1A21D2321C003742F3 /* Resources */,
			);
			buildRules = (
			);
			dependencies = (
			);
			name = Algo;
			productName = Algo;
			productReference = 23CA3C1C21D2321C003742F3 /* Algo.app */;
			productType = "com.apple.product-type.application";
		};
		23CA3C2F21D2321D003742F3 /* AlgoTests */ = {
			isa = PBXNativeTarget;
			buildConfigurationList = 23CA3C4721D2321D003742F3 /* Build configuration list for PBXNativeTarget "AlgoTests" */;
			buildPhases = (
				23CA3C2C21D2321D003742F3 /* Sources */,
				23CA3C2D21D2321D003742F3 /* Frameworks */,
				23CA3C2E21D2321D003742F3 /* Resources */,
			);
			buildRules = (
			);
			dependencies = (
				23CA3C3221D2321D003742F3 /* PBXTargetDependency */,
			);
			name = AlgoTests;
			productName = AlgoTests;
			productReference = 23CA3C3021D2321D003742F3 /* AlgoTests.xctest */;
			productType = "com.apple.product-type.bundle.unit-test";
		};
		23CA3C3A21D2321D003742F3 /* AlgoUITests */ = {
			isa = PBXNativeTarget;
			buildConfigurationList = 23CA3C4A21D2321D003742F3 /* Build configuration list for PBXNativeTarget "AlgoUITests" */;
			buildPhases = (
				23CA3C3721D2321D003742F3 /* Sources */,
				23CA3C3821D2321D003742F3 /* Frameworks */,
				23CA3C3921D2321D003742F3 /* Resources */,
			);
			buildRules = (
			);
			dependencies = (
				23CA3C3D21D2321D003742F3 /* PBXTargetDependency */,
			);
			name = AlgoUITests;
			productName = AlgoUITests;
			productReference = 23CA3C3B21D2321D003742F3 /* AlgoUITests.xctest */;
			productType = "com.apple.product-type.bundle.ui-testing";
		};
/* End PBXNativeTarget section */

/* Begin PBXProject section */
		23CA3C1421D2321C003742F3 /* Project object */ = {
			isa = PBXProject;
			attributes = {
				LastSwiftUpdateCheck = 1010;
				LastUpgradeCheck = 1010;
				ORGANIZATIONNAME = Yatheesha;
				TargetAttributes = {
					23CA3C1B21D2321C003742F3 = {
						CreatedOnToolsVersion = 10.1;
					};
					23CA3C2F21D2321D003742F3 = {
						CreatedOnToolsVersion = 10.1;
						TestTargetID = 23CA3C1B21D2321C003742F3;
					};
					23CA3C3A21D2321D003742F3 = {
						CreatedOnToolsVersion = 10.1;
						TestTargetID = 23CA3C1B21D2321C003742F3;
					};
				};
			};
			buildConfigurationList = 23CA3C1721D2321C003742F3 /* Build configuration list for PBXProject "Algo" */;
			compatibilityVersion = "Xcode 9.3";
			developmentRegion = en;
			hasScannedForEncodings = 0;
			knownRegions = (
				en,
				Base,
			);
			mainGroup = 23CA3C1321D2321C003742F3;
			productRefGroup = 23CA3C1D21D2321C003742F3 /* Products */;
			projectDirPath = "";
			projectRoot = "";
			targets = (
				23CA3C1B21D2321C003742F3 /* Algo */,
				23CA3C2F21D2321D003742F3 /* AlgoTests */,
				23CA3C3A21D2321D003742F3 /* AlgoUITests */,
			);
		};
/* End PBXProject section */

/* Begin PBXResourcesBuildPhase section */
		23CA3C1A21D2321C003742F3 /* Resources */ = {
			isa = PBXResourcesBuildPhase;
			buildActionMask = 2147483647;
			files = (
				23CA3C2A21D2321D003742F3 /* LaunchScreen.storyboard in Resources */,
				23CA3C2721D2321D003742F3 /* Assets.xcassets in Resources */,
				23CA3C2521D2321C003742F3 /* Main.storyboard in Resources */,
			);
			runOnlyForDeploymentPostprocessing = 0;
		};
		23CA3C2E21D2321D003742F3 /* Resources */ = {
			isa = PBXResourcesBuildPhase;
			buildActionMask = 2147483647;
			files = (
			);
			runOnlyForDeploymentPostprocessing = 0;
		};
		23CA3C3921D2321D003742F3 /* Resources */ = {
			isa = PBXResourcesBuildPhase;
			buildActionMask = 2147483647;
			files = (
			);
			runOnlyForDeploymentPostprocessing = 0;
		};
/* End PBXResourcesBuildPhase section */

/* Begin PBXSourcesBuildPhase section */
		23CA3C1821D2321C003742F3 /* Sources */ = {
			isa = PBXSourcesBuildPhase;
			buildActionMask = 2147483647;
			files = (
				23CA3C2221D2321C003742F3 /* ViewController.swift in Sources */,
				23CA3C2021D2321C003742F3 /* AppDelegate.swift in Sources */,
			);
			runOnlyForDeploymentPostprocessing = 0;
		};
		23CA3C2C21D2321D003742F3 /* Sources */ = {
			isa = PBXSourcesBuildPhase;
			buildActionMask = 2147483647;
			files = (
				23CA3C3521D2321D003742F3 /* AlgoTests.swift in Sources */,
			);
			runOnlyForDeploymentPostprocessing = 0;
		};
		23CA3C3721D2321D003742F3 /* Sources */ = {
			isa = PBXSourcesBuildPhase;
			buildActionMask = 2147483647;
			files = (
				23CA3C4021D2321D003742F3 /* AlgoUITests.swift in Sources */,
			);
			runOnlyForDeploymentPostprocessing = 0;
		};
/* End PBXSourcesBuildPhase section */

/* Begin PBXTargetDependency section */
		23CA3C3221D2321D003742F3 /* PBXTargetDependency */ = {
			isa = PBXTargetDependency;
			target = 23CA3C1B21D2321C003742F3 /* Algo */;
			targetProxy = 23CA3C3121D2321D003742F3 /* PBXContainerItemProxy */;
		};
		23CA3C3D21D2321D003742F3 /* PBXTargetDependency */ = {
			isa = PBXTargetDependency;
			target = 23CA3C1B21D2321C003742F3 /* Algo */;
			targetProxy = 23CA3C3C21D2321D003742F3 /* PBXContainerItemProxy */;
		};
/* End PBXTargetDependency section */

/* Begin PBXVariantGroup section */
		23CA3C2321D2321C003742F3 /* Main.storyboard */ = {
			isa = PBXVariantGroup;
			children = (
				23CA3C2421D2321C003742F3 /* Base */,
			);
			name = Main.storyboard;
			sourceTree = "<group>";
		};
		23CA3C2821D2321D003742F3 /* LaunchScreen.storyboard */ = {
			isa = PBXVariantGroup;
			children = (
				23CA3C2921D2321D003742F3 /* Base */,
			);
			name = LaunchScreen.storyboard;
			sourceTree = "<group>";
		};
/* End PBXVariantGroup section */

/* Begin XCBuildConfiguration section */
		23CA3C4221D2321D003742F3 /* Debug */ = {
			isa = XCBuildConfiguration;
			buildSettings = {
				ALWAYS_SEARCH_USER_PATHS = NO;
				CLANG_ANALYZER_NONNULL = YES;
				CLANG_ANALYZER_NUMBER_OBJECT_CONVERSION = YES_AGGRESSIVE;
				CLANG_CXX_LANGUAGE_STANDARD = "gnu++14";
				CLANG_CXX_LIBRARY = "libc++";
				CLANG_ENABLE_MODULES = YES;
				CLANG_ENABLE_OBJC_ARC = YES;
				CLANG_ENABLE_OBJC_WEAK = YES;
				CLANG_WARN_BLOCK_CAPTURE_AUTORELEASING = YES;
				CLANG_WARN_BOOL_CONVERSION = YES;
				CLANG_WARN_COMMA = YES;
				CLANG_WARN_CONSTANT_CONVERSION = YES;
				CLANG_WARN_DEPRECATED_OBJC_IMPLEMENTATIONS = YES;
				CLANG_WARN_DIRECT_OBJC_ISA_USAGE = YES_ERROR;
				CLANG_WARN_DOCUMENTATION_COMMENTS = YES;
				CLANG_WARN_EMPTY_BODY = YES;
				CLANG_WARN_ENUM_CONVERSION = YES;
				CLANG_WARN_INFINITE_RECURSION = YES;
				CLANG_WARN_INT_CONVERSION = YES;
				CLANG_WARN_NON_LITERAL_NULL_CONVERSION = YES;
				CLANG_WARN_OBJC_IMPLICIT_RETAIN_SELF = YES;
				CLANG_WARN_OBJC_LITERAL_CONVERSION = YES;
				CLANG_WARN_OBJC_ROOT_CLASS = YES_ERROR;
				CLANG_WARN_RANGE_LOOP_ANALYSIS = YES;
				CLANG_WARN_STRICT_PROTOTYPES = YES;
				CLANG_WARN_SUSPICIOUS_MOVE = YES;
				CLANG_WARN_UNGUARDED_AVAILABILITY = YES_AGGRESSIVE;
				CLANG_WARN_UNREACHABLE_CODE = YES;
				CLANG_WARN__DUPLICATE_METHOD_MATCH = YES;
				CODE_SIGN_IDENTITY = "iPhone Developer";
				COPY_PHASE_STRIP = NO;
				DEBUG_INFORMATION_FORMAT = dwarf;
				ENABLE_STRICT_OBJC_MSGSEND = YES;
				ENABLE_TESTABILITY = YES;
				GCC_C_LANGUAGE_STANDARD = gnu11;
				GCC_DYNAMIC_NO_PIC = NO;
				GCC_NO_COMMON_BLOCKS = YES;
				GCC_OPTIMIZATION_LEVEL = 0;
				GCC_PREPROCESSOR_DEFINITIONS = (
					"DEBUG=1",
					"$(inherited)",
				);
				GCC_WARN_64_TO_32_BIT_CONVERSION = YES;
				GCC_WARN_ABOUT_RETURN_TYPE = YES_ERROR;
				GCC_WARN_UNDECLARED_SELECTOR = YES;
				GCC_WARN_UNINITIALIZED_AUTOS = YES_AGGRESSIVE;
				GCC_WARN_UNUSED_FUNCTION = YES;
				GCC_WARN_UNUSED_VARIABLE = YES;
				IPHONEOS_DEPLOYMENT_TARGET = 12.1;
				MTL_ENABLE_DEBUG_INFO = INCLUDE_SOURCE;
				MTL_FAST_MATH = YES;
				ONLY_ACTIVE_ARCH = YES;
				SDKROOT = iphoneos;
				SWIFT_ACTIVE_COMPILATION_CONDITIONS = DEBUG;
				SWIFT_OPTIMIZATION_LEVEL = "-Onone";
			};
			name = Debug;
		};
		23CA3C4321D2321D003742F3 /* Release */ = {
			isa = XCBuildConfiguration;
			buildSettings = {
				ALWAYS_SEARCH_USER_PATHS = NO;
				CLANG_ANALYZER_NONNULL = YES;
				CLANG_ANALYZER_NUMBER_OBJECT_CONVERSION = YES_AGGRESSIVE;
				CLANG_CXX_LANGUAGE_STANDARD = "gnu++14";
				CLANG_CXX_LIBRARY = "libc++";
				CLANG_ENABLE_MODULES = YES;
				CLANG_ENABLE_OBJC_ARC = YES;
				CLANG_ENABLE_OBJC_WEAK = YES;
				CLANG_WARN_BLOCK_CAPTURE_AUTORELEASING = YES;
				CLANG_WARN_BOOL_CONVERSION = YES;
				CLANG_WARN_COMMA = YES;
				CLANG_WARN_CONSTANT_CONVERSION = YES;
				CLANG_WARN_DEPRECATED_OBJC_IMPLEMENTATIONS = YES;
				CLANG_WARN_DIRECT_OBJC_ISA_USAGE = YES_ERROR;
				CLANG_WARN_DOCUMENTATION_COMMENTS = YES;
				CLANG_WARN_EMPTY_BODY = YES;
				CLANG_WARN_ENUM_CONVERSION = YES;
				CLANG_WARN_INFINITE_RECURSION = YES;
				CLANG_WARN_INT_CONVERSION = YES;
				CLANG_WARN_NON_LITERAL_NULL_CONVERSION = YES;
				CLANG_WARN_OBJC_IMPLICIT_RETAIN_SELF = YES;
				CLANG_WARN_OBJC_LITERAL_CONVERSION = YES;
				CLANG_WARN_OBJC_ROOT_CLASS = YES_ERROR;
				CLANG_WARN_RANGE_LOOP_ANALYSIS = YES;
				CLANG_WARN_STRICT_PROTOTYPES = YES;
				CLANG_WARN_SUSPICIOUS_MOVE = YES;
				CLANG_WARN_UNGUARDED_AVAILABILITY = YES_AGGRESSIVE;
				CLANG_WARN_UNREACHABLE_CODE = YES;
				CLANG_WARN__DUPLICATE_METHOD_MATCH = YES;
				CODE_SIGN_IDENTITY = "iPhone Developer";
				COPY_PHASE_STRIP = NO;
				DEBUG_INFORMATION_FORMAT = "dwarf-with-dsym";
				ENABLE_NS_ASSERTIONS = NO;
				ENABLE_STRICT_OBJC_MSGSEND = YES;
				GCC_C_LANGUAGE_STANDARD = gnu11;
				GCC_NO_COMMON_BLOCKS = YES;
				GCC_WARN_64_TO_32_BIT_CONVERSION = YES;
				GCC_WARN_ABOUT_RETURN_TYPE = YES_ERROR;
				GCC_WARN_UNDECLARED_SELECTOR = YES;
				GCC_WARN_UNINITIALIZED_AUTOS = YES_AGGRESSIVE;
				GCC_WARN_UNUSED_FUNCTION = YES;
				GCC_WARN_UNUSED_VARIABLE = YES;
				IPHONEOS_DEPLOYMENT_TARGET = 12.1;
				MTL_ENABLE_DEBUG_INFO = NO;
				MTL_FAST_MATH = YES;
				SDKROOT = iphoneos;
				SWIFT_COMPILATION_MODE = wholemodule;
				SWIFT_OPTIMIZATION_LEVEL = "-O";
				VALIDATE_PRODUCT = YES;
			};
			name = Release;
		};
		23CA3C4521D2321D003742F3 /* Debug */ = {
			isa = XCBuildConfiguration;
			buildSettings = {
				ASSETCATALOG_COMPILER_APPICON_NAME = AppIcon;
				CODE_SIGN_STYLE = Automatic;
				INFOPLIST_FILE = Algo/Info.plist;
				LD_RUNPATH_SEARCH_PATHS = (
					"$(inherited)",
					"@executable_path/Frameworks",
				);
				PRODUCT_BUNDLE_IDENTIFIER = yatheesha.Algo;
				PRODUCT_NAME = "$(TARGET_NAME)";
				SWIFT_VERSION = 4.2;
				TARGETED_DEVICE_FAMILY = "1,2";
			};
			name = Debug;
		};
		23CA3C4621D2321D003742F3 /* Release */ = {
			isa = XCBuildConfiguration;
			buildSettings = {
				ASSETCATALOG_COMPILER_APPICON_NAME = AppIcon;
				CODE_SIGN_STYLE = Automatic;
				INFOPLIST_FILE = Algo/Info.plist;
				LD_RUNPATH_SEARCH_PATHS = (
					"$(inherited)",
					"@executable_path/Frameworks",
				);
				PRODUCT_BUNDLE_IDENTIFIER = yatheesha.Algo;
				PRODUCT_NAME = "$(TARGET_NAME)";
				SWIFT_VERSION = 4.2;
				TARGETED_DEVICE_FAMILY = "1,2";
			};
			name = Release;
		};
		23CA3C4821D2321D003742F3 /* Debug */ = {
			isa = XCBuildConfiguration;
			buildSettings = {
				ALWAYS_EMBED_SWIFT_STANDARD_LIBRARIES = YES;
				BUNDLE_LOADER = "$(TEST_HOST)";
				CODE_SIGN_STYLE = Automatic;
				INFOPLIST_FILE = AlgoTests/Info.plist;
				LD_RUNPATH_SEARCH_PATHS = (
					"$(inherited)",
					"@executable_path/Frameworks",
					"@loader_path/Frameworks",
				);
				PRODUCT_BUNDLE_IDENTIFIER = yatheesha.AlgoTests;
				PRODUCT_NAME = "$(TARGET_NAME)";
				SWIFT_VERSION = 4.2;
				TARGETED_DEVICE_FAMILY = "1,2";
				TEST_HOST = "$(BUILT_PRODUCTS_DIR)/Algo.app/Algo";
			};
			name = Debug;
		};
		23CA3C4921D2321D003742F3 /* Release */ = {
			isa = XCBuildConfiguration;
			buildSettings = {
				ALWAYS_EMBED_SWIFT_STANDARD_LIBRARIES = YES;
				BUNDLE_LOADER = "$(TEST_HOST)";
				CODE_SIGN_STYLE = Automatic;
				INFOPLIST_FILE = AlgoTests/Info.plist;
				LD_RUNPATH_SEARCH_PATHS = (
					"$(inherited)",
					"@executable_path/Frameworks",
					"@loader_path/Frameworks",
				);
				PRODUCT_BUNDLE_IDENTIFIER = yatheesha.AlgoTests;
				PRODUCT_NAME = "$(TARGET_NAME)";
				SWIFT_VERSION = 4.2;
				TARGETED_DEVICE_FAMILY = "1,2";
				TEST_HOST = "$(BUILT_PRODUCTS_DIR)/Algo.app/Algo";
			};
			name = Release;
		};
		23CA3C4B21D2321D003742F3 /* Debug */ = {
			isa = XCBuildConfiguration;
			buildSettings = {
				ALWAYS_EMBED_SWIFT_STANDARD_LIBRARIES = YES;
				CODE_SIGN_STYLE = Automatic;
				INFOPLIST_FILE = AlgoUITests/Info.plist;
				LD_RUNPATH_SEARCH_PATHS = (
					"$(inherited)",
					"@executable_path/Frameworks",
					"@loader_path/Frameworks",
				);
				PRODUCT_BUNDLE_IDENTIFIER = yatheesha.AlgoUITests;
				PRODUCT_NAME = "$(TARGET_NAME)";
				SWIFT_VERSION = 4.2;
				TARGETED_DEVICE_FAMILY = "1,2";
				TEST_TARGET_NAME = Algo;
			};
			name = Debug;
		};
		23CA3C4C21D2321D003742F3 /* Release */ = {
			isa = XCBuildConfiguration;
			buildSettings = {
				ALWAYS_EMBED_SWIFT_STANDARD_LIBRARIES = YES;
				CODE_SIGN_STYLE = Automatic;
				INFOPLIST_FILE = AlgoUITests/Info.plist;
				LD_RUNPATH_SEARCH_PATHS = (
					"$(inherited)",
					"@executable_path/Frameworks",
					"@loader_path/Frameworks",
				);
				PRODUCT_BUNDLE_IDENTIFIER = yatheesha.AlgoUITests;
				PRODUCT_NAME = "$(TARGET_NAME)";
				SWIFT_VERSION = 4.2;
				TARGETED_DEVICE_FAMILY = "1,2";
				TEST_TARGET_NAME = Algo;
			};
			name = Release;
		};
/* End XCBuildConfiguration section */

/* Begin XCConfigurationList section */
		23CA3C1721D2321C003742F3 /* Build configuration list for PBXProject "Algo" */ = {
			isa = XCConfigurationList;
			buildConfigurations = (
				23CA3C4221D2321D003742F3 /* Debug */,
				23CA3C4321D2321D003742F3 /* Release */,
			);
			defaultConfigurationIsVisible = 0;
			defaultConfigurationName = Release;
		};
		23CA3C4421D2321D003742F3 /* Build configuration list for PBXNativeTarget "Algo" */ = {
			isa = XCConfigurationList;
			buildConfigurations = (
				23CA3C4521D2321D003742F3 /* Debug */,
				23CA3C4621D2321D003742F3 /* Release */,
			);
			defaultConfigurationIsVisible = 0;
			defaultConfigurationName = Release;
		};
		23CA3C4721D2321D003742F3 /* Build configuration list for PBXNativeTarget "AlgoTests" */ = {
			isa = XCConfigurationList;
			buildConfigurations = (
				23CA3C4821D2321D003742F3 /* Debug */,
				23CA3C4921D2321D003742F3 /* Release */,
			);
			defaultConfigurationIsVisible = 0;
			defaultConfigurationName = Release;
		};
		23CA3C4A21D2321D003742F3 /* Build configuration list for PBXNativeTarget "AlgoUITests" */ = {
			isa = XCConfigurationList;
			buildConfigurations = (
				23CA3C4B21D2321D003742F3 /* Debug */,
				23CA3C4C21D2321D003742F3 /* Release */,
			);
			defaultConfigurationIsVisible = 0;
			defaultConfigurationName = Release;
		};
/* End XCConfigurationList section */
	};
	rootObject = 23CA3C1421D2321C003742F3 /* Project object */;
}
